
Microsoft Visual Studio Solution File, Format Version 12.00
# Visual Studio 2012
Project("{FAE04EC0-301F-11D3-BF4B-00C04F79EFBC}") = "TestProjekt", "TestProjekt\TestProjekt.csproj", "{7D01D42F-92A1-4075-BCF7-BA9B8D47E67B}"
EndProject
Global
	GlobalSection(SolutionConfigurationPlatforms) = preSolution
		Debug|x86 = Debug|x86
		Release|x86 = Release|x86
	EndGlobalSection
	GlobalSection(ProjectConfigurationPlatforms) = postSolution
		{7D01D42F-92A1-4075-BCF7-BA9B8D47E67B}.Debug|x86.ActiveCfg = Debug|x86
		{7D01D42F-92A1-4075-BCF7-BA9B8D47E67B}.Debug|x86.Build.0 = Debug|x86
		{7D01D42F-92A1-4075-BCF7-BA9B8D47E67B}.Release|x86.ActiveCfg = Release|x86
		{7D01D42F-92A1-4075-BCF7-BA9B8D47E67B}.Release|x86.Build.0 = Release|x86
	EndGlobalSection
EndGlobal
